
Microsoft Visual Studio Solution File, Format Version 12.00
# Visual Studio Version 16
VisualStudioVersion = 16.0.31205.134
MinimumVisualStudioVersion = 10.0.40219.1
Project("{FAE04EC0-301F-11D3-BF4B-00C04F79EFBC}") = "WinFormMVC", "WinFormMVC\WinFormMVC.csproj", "{F61EB332-7175-425E-A591-298586137F7D}"
EndProject
Global
	GlobalSection(SolutionConfigurationPlatforms) = preSolution
		Debug|Any CPU = Debug|Any CPU
		Release|Any CPU = Release|Any CPU
	EndGlobalSection
	GlobalSection(ProjectConfigurationPlatforms) = postSolution
		{F61EB332-7175-425E-A591-298586137F7D}.Debug|Any CPU.ActiveCfg = Debug|Any CPU
		{F61EB332-7175-425E-A591-298586137F7D}.Debug|Any CPU.Build.0 = Debug|Any CPU
		{F61EB332-7175-425E-A591-298586137F7D}.Release|Any CPU.ActiveCfg = Release|Any CPU
		{F61EB332-7175-425E-A591-298586137F7D}.Release|Any CPU.Build.0 = Release|Any CPU
	EndGlobalSection
	GlobalSection(SolutionProperties) = preSolution
		HideSolutionNode = FALSE
	EndGlobalSection
	GlobalSection(ExtensibilityGlobals) = postSolution
		SolutionGuid = {D9B5F95D-EB30-4A1E-9989-D2F0AB59EDD4}
	EndGlobalSection
EndGlobal
